
Microsoft Visual Studio Solution File, Format Version 12.00
# Visual Studio Version 17
VisualStudioVersion = 17.13.35806.99
MinimumVisualStudioVersion = 10.0.40219.1
Project("{FAE04EC0-301F-11D3-BF4B-00C04F79EFBC}") = "WebApplication", "WebApplication\WebApplication.csproj", "{E7A44C62-0DF9-452B-B0E5-433A16855375}"
EndProject
Global
	GlobalSection(SolutionConfigurationPlatforms) = preSolution
		Debug|Any CPU = Debug|Any CPU
		Release|Any CPU = Release|Any CPU
	EndGlobalSection
	GlobalSection(ProjectConfigurationPlatforms) = postSolution
		{E7A44C62-0DF9-452B-B0E5-433A16855375}.Debug|Any CPU.ActiveCfg = Debug|Any CPU
		{E7A44C62-0DF9-452B-B0E5-433A16855375}.Debug|Any CPU.Build.0 = Debug|Any CPU
		{E7A44C62-0DF9-452B-B0E5-433A16855375}.Release|Any CPU.ActiveCfg = Release|Any CPU
		{E7A44C62-0DF9-452B-B0E5-433A16855375}.Release|Any CPU.Build.0 = Release|Any CPU
	EndGlobalSection
	GlobalSection(SolutionProperties) = preSolution
		HideSolutionNode = FALSE
	EndGlobalSection
	GlobalSection(ExtensibilityGlobals) = postSolution
		SolutionGuid = {9BB4EC60-8262-4AF6-82F4-B7E82259F929}
	EndGlobalSection
EndGlobal
